
Microsoft Visual Studio Solution File, Format Version 12.00
# Visual Studio Version 16
Project("{8BC9CEB8-8B4A-11D0-8D11-00A0C91BC942}") = "Engine", "Engine\Engine.vcxproj", "{DBC7D3B0-C769-FE86-B024-12DB9C6585D7}"
EndProject
Project("{8BC9CEB8-8B4A-11D0-8D11-00A0C91BC942}") = "GLFW", "Engine\vendor\GLFW\GLFW.vcxproj", "{154B857C-0182-860D-AA6E-6C109684020F}"
EndProject
Project("{8BC9CEB8-8B4A-11D0-8D11-00A0C91BC942}") = "Glad", "Engine\vendor\glad\Glad.vcxproj", "{BDD6857C-A90D-870D-52FA-6C103E10030F}"
EndProject
Project("{8BC9CEB8-8B4A-11D0-8D11-00A0C91BC942}") = "ImGui", "Engine\vendor\imgui\ImGui.vcxproj", "{C0FF640D-2C14-8DBE-F595-301E616989EF}"
EndProject
Project("{8BC9CEB8-8B4A-11D0-8D11-00A0C91BC942}") = "Sandbox", "Sandbox\Sandbox.vcxproj", "{F4C124E3-60A1-A37E-69B9-2E55D5170AE0}"
EndProject
Global
	GlobalSection(SolutionConfigurationPlatforms) = preSolution
		Debug|ARM = Debug|ARM
		Dist|ARM = Dist|ARM
		Release|ARM = Release|ARM
	EndGlobalSection
	GlobalSection(ProjectConfigurationPlatforms) = postSolution
		{DBC7D3B0-C769-FE86-B024-12DB9C6585D7}.Debug|ARM.ActiveCfg = Debug|ARM
		{DBC7D3B0-C769-FE86-B024-12DB9C6585D7}.Debug|ARM.Build.0 = Debug|ARM
		{DBC7D3B0-C769-FE86-B024-12DB9C6585D7}.Dist|ARM.ActiveCfg = Dist|ARM
		{DBC7D3B0-C769-FE86-B024-12DB9C6585D7}.Dist|ARM.Build.0 = Dist|ARM
		{DBC7D3B0-C769-FE86-B024-12DB9C6585D7}.Release|ARM.ActiveCfg = Release|ARM
		{DBC7D3B0-C769-FE86-B024-12DB9C6585D7}.Release|ARM.Build.0 = Release|ARM
		{154B857C-0182-860D-AA6E-6C109684020F}.Debug|ARM.ActiveCfg = Debug|ARM
		{154B857C-0182-860D-AA6E-6C109684020F}.Debug|ARM.Build.0 = Debug|ARM
		{154B857C-0182-860D-AA6E-6C109684020F}.Dist|ARM.ActiveCfg = Dist|ARM
		{154B857C-0182-860D-AA6E-6C109684020F}.Dist|ARM.Build.0 = Dist|ARM
		{154B857C-0182-860D-AA6E-6C109684020F}.Release|ARM.ActiveCfg = Release|ARM
		{154B857C-0182-860D-AA6E-6C109684020F}.Release|ARM.Build.0 = Release|ARM
		{BDD6857C-A90D-870D-52FA-6C103E10030F}.Debug|ARM.ActiveCfg = Debug|ARM
		{BDD6857C-A90D-870D-52FA-6C103E10030F}.Debug|ARM.Build.0 = Debug|ARM
		{BDD6857C-A90D-870D-52FA-6C103E10030F}.Dist|ARM.ActiveCfg = Dist|ARM
		{BDD6857C-A90D-870D-52FA-6C103E10030F}.Dist|ARM.Build.0 = Dist|ARM
		{BDD6857C-A90D-870D-52FA-6C103E10030F}.Release|ARM.ActiveCfg = Release|ARM
		{BDD6857C-A90D-870D-52FA-6C103E10030F}.Release|ARM.Build.0 = Release|ARM
		{C0FF640D-2C14-8DBE-F595-301E616989EF}.Debug|ARM.ActiveCfg = Debug|ARM
		{C0FF640D-2C14-8DBE-F595-301E616989EF}.Debug|ARM.Build.0 = Debug|ARM
		{C0FF640D-2C14-8DBE-F595-301E616989EF}.Dist|ARM.ActiveCfg = Dist|ARM
		{C0FF640D-2C14-8DBE-F595-301E616989EF}.Dist|ARM.Build.0 = Dist|ARM
		{C0FF640D-2C14-8DBE-F595-301E616989EF}.Release|ARM.ActiveCfg = Release|ARM
		{C0FF640D-2C14-8DBE-F595-301E616989EF}.Release|ARM.Build.0 = Release|ARM
		{F4C124E3-60A1-A37E-69B9-2E55D5170AE0}.Debug|ARM.ActiveCfg = Debug|ARM
		{F4C124E3-60A1-A37E-69B9-2E55D5170AE0}.Debug|ARM.Build.0 = Debug|ARM
		{F4C124E3-60A1-A37E-69B9-2E55D5170AE0}.Dist|ARM.ActiveCfg = Dist|ARM
		{F4C124E3-60A1-A37E-69B9-2E55D5170AE0}.Dist|ARM.Build.0 = Dist|ARM
		{F4C124E3-60A1-A37E-69B9-2E55D5170AE0}.Release|ARM.ActiveCfg = Release|ARM
		{F4C124E3-60A1-A37E-69B9-2E55D5170AE0}.Release|ARM.Build.0 = Release|ARM
	EndGlobalSection
	GlobalSection(SolutionProperties) = preSolution
		HideSolutionNode = FALSE
	EndGlobalSection
EndGlobal
